
Microsoft Visual Studio Solution File, Format Version 12.00
# Visual Studio Version 16
VisualStudioVersion = 16.0.29905.134
MinimumVisualStudioVersion = 10.0.40219.1
Project("{FAE04EC0-301F-11D3-BF4B-00C04F79EFBC}") = "WordSentenceCounterProject", "WordSentenceCounterProject\WordSentenceCounterProject.csproj", "{B69DACCD-743F-401C-A81F-6899C1D3C971}"
EndProject
Global
	GlobalSection(SolutionConfigurationPlatforms) = preSolution
		Debug|Any CPU = Debug|Any CPU
		Release|Any CPU = Release|Any CPU
	EndGlobalSection
	GlobalSection(ProjectConfigurationPlatforms) = postSolution
		{B69DACCD-743F-401C-A81F-6899C1D3C971}.Debug|Any CPU.ActiveCfg = Debug|Any CPU
		{B69DACCD-743F-401C-A81F-6899C1D3C971}.Debug|Any CPU.Build.0 = Debug|Any CPU
		{B69DACCD-743F-401C-A81F-6899C1D3C971}.Release|Any CPU.ActiveCfg = Release|Any CPU
		{B69DACCD-743F-401C-A81F-6899C1D3C971}.Release|Any CPU.Build.0 = Release|Any CPU
	EndGlobalSection
	GlobalSection(SolutionProperties) = preSolution
		HideSolutionNode = FALSE
	EndGlobalSection
	GlobalSection(ExtensibilityGlobals) = postSolution
		SolutionGuid = {1D056CEB-A3F7-4908-BD82-EE7B208866AA}
	EndGlobalSection
EndGlobal
